
Microsoft Visual Studio Solution File, Format Version 12.00
# Visual Studio Version 16
VisualStudioVersion = 16.0.29009.5
MinimumVisualStudioVersion = 10.0.40219.1
Project("{FAE04EC0-301F-11D3-BF4B-00C04F79EFBC}") = "FibonacciSample", "FibonacciSample.csproj", "{D6898F23-2A40-458D-8498-E484C6EA3332}"
EndProject
Global
	GlobalSection(SolutionConfigurationPlatforms) = preSolution
		Debug|Any CPU = Debug|Any CPU
		Release|Any CPU = Release|Any CPU
	EndGlobalSection
	GlobalSection(ProjectConfigurationPlatforms) = postSolution
		{D6898F23-2A40-458D-8498-E484C6EA3332}.Debug|Any CPU.ActiveCfg = Debug|Any CPU
		{D6898F23-2A40-458D-8498-E484C6EA3332}.Debug|Any CPU.Build.0 = Debug|Any CPU
		{D6898F23-2A40-458D-8498-E484C6EA3332}.Release|Any CPU.ActiveCfg = Release|Any CPU
		{D6898F23-2A40-458D-8498-E484C6EA3332}.Release|Any CPU.Build.0 = Release|Any CPU
	EndGlobalSection
	GlobalSection(SolutionProperties) = preSolution
		HideSolutionNode = FALSE
	EndGlobalSection
	GlobalSection(ExtensibilityGlobals) = postSolution
		SolutionGuid = {0933E03E-386A-406E-9C33-F6C10EF2C239}
	EndGlobalSection
EndGlobal
